
Microsoft Visual Studio Solution File, Format Version 12.00
# Visual Studio Version 17
VisualStudioVersion = 17.1.32407.343
MinimumVisualStudioVersion = 10.0.40219.1
Project("{9A19103F-16F7-4668-BE54-9A1E7A4F7556}") = "ArticleService.WebAPI", "BlogWebAPI\ArticleService.WebAPI.csproj", "{9E8147F2-7DAB-4F04-9BA8-E6E501420900}"
EndProject
Project("{9A19103F-16F7-4668-BE54-9A1E7A4F7556}") = "DomainCommon", "BlogCommon\DomainCommon.csproj", "{5BC37D96-9A8F-49B2-B155-39755C6089D7}"
EndProject
Project("{2150E333-8FDC-42A3-9474-1A3956D46DE8}") = "Common", "Common", "{C0400562-EB07-4DDA-994F-E3BAF8BA9D67}"
EndProject
Project("{9A19103F-16F7-4668-BE54-9A1E7A4F7556}") = "CommonInfrastructure", "CommonInfrastructure\CommonInfrastructure.csproj", "{3E1CF1DE-5051-4A89-BC50-9060884A05A1}"
EndProject
Project("{9A19103F-16F7-4668-BE54-9A1E7A4F7556}") = "CommonInitializer", "CommonInitializer\CommonInitializer.csproj", "{4A6F1430-6523-4617-BFA4-567DEA85A096}"
EndProject
Project("{2150E333-8FDC-42A3-9474-1A3956D46DE8}") = "ArticleService", "ArticleService", "{B19F3090-D6AC-484B-9CD7-F97B8BBF310E}"
EndProject
Project("{9A19103F-16F7-4668-BE54-9A1E7A4F7556}") = "ArticleService.Domain", "Aritcle.Domian\ArticleService.Domain.csproj", "{40CA84A8-5621-47DB-B890-4314B62F5C5D}"
EndProject
Project("{9A19103F-16F7-4668-BE54-9A1E7A4F7556}") = "ArticleService.Infrastructure", "Article.Infrastructure\ArticleService.Infrastructure.csproj", "{C512D1EA-3272-4248-8A29-5C4FF762D0B2}"
EndProject
Project("{9A19103F-16F7-4668-BE54-9A1E7A4F7556}") = "CommonHelpers", "Commons\CommonHelpers.csproj", "{6E418C5F-405E-4F8C-9B7E-31E75BF3AD5A}"
EndProject
Project("{9A19103F-16F7-4668-BE54-9A1E7A4F7556}") = "EventBus", "EventBus\EventBus.csproj", "{AF9C7A68-33E2-4DD9-83F6-EDFACDE05D24}"
EndProject
Project("{9A19103F-16F7-4668-BE54-9A1E7A4F7556}") = "CommomFilters", "CommomFilters\CommomFilters.csproj", "{EA021B01-8DA6-4CDE-90F5-327581F149B2}"
EndProject
Project("{9A19103F-16F7-4668-BE54-9A1E7A4F7556}") = "CommonMiddleWare", "CommonMiddleWare\CommonMiddleWare.csproj", "{08377A99-20BB-447E-B43F-CF95969707B8}"
EndProject
Project("{2150E333-8FDC-42A3-9474-1A3956D46DE8}") = "StreamService", "StreamService", "{8DA9C526-ACD2-4A2C-9CE7-E0A21CD2352A}"
EndProject
Project("{9A19103F-16F7-4668-BE54-9A1E7A4F7556}") = "StreamService.Domain", "StreamService.Domain\StreamService.Domain.csproj", "{33296C82-7AE1-4F6D-A666-0EF561E39D1A}"
EndProject
Project("{9A19103F-16F7-4668-BE54-9A1E7A4F7556}") = "StreamService.Infrastructure", "StreamService.Infrastructure\StreamService.Infrastructure.csproj", "{3ED44CBF-B9CC-4B02-A8A3-8AA436866ED7}"
EndProject
Project("{9A19103F-16F7-4668-BE54-9A1E7A4F7556}") = "StreamService.WebAPI", "StreamService.WebAPI\StreamService.WebAPI.csproj", "{33750449-AC42-4C37-A282-2C65571F9EA7}"
EndProject
Project("{2150E333-8FDC-42A3-9474-1A3956D46DE8}") = "IdentityService", "IdentityService", "{DBF427F7-FCFD-46B7-8F1D-8D05AD51F6D7}"
EndProject
Project("{FAE04EC0-301F-11D3-BF4B-00C04F79EFBC}") = "IdentityService.Domain", "IdentityService.Domain\IdentityService.Domain.csproj", "{B0428971-BD59-476D-9DEF-8D0887EFD017}"
EndProject
Project("{FAE04EC0-301F-11D3-BF4B-00C04F79EFBC}") = "IdentityService.Infrastructure", "IdentityService.Infrastructure\IdentityService.Infrastructure.csproj", "{1F4417E2-8CCC-486C-86D8-D94A71D5A698}"
EndProject
Project("{FAE04EC0-301F-11D3-BF4B-00C04F79EFBC}") = "IdentityService.WebAPI", "IdentityService.WebAPI\IdentityService.WebAPI.csproj", "{1CE422FB-7819-43C9-98FC-A8EBF8F3CF8B}"
EndProject
Project("{FAE04EC0-301F-11D3-BF4B-00C04F79EFBC}") = "CommomJWT", "CommomJWT\CommomJWT.csproj", "{344E2BD4-7AF1-4ACB-9D11-5ED0E933249A}"
EndProject
Global
	GlobalSection(SolutionConfigurationPlatforms) = preSolution
		Debug|Any CPU = Debug|Any CPU
		Release|Any CPU = Release|Any CPU
	EndGlobalSection
	GlobalSection(ProjectConfigurationPlatforms) = postSolution
		{9E8147F2-7DAB-4F04-9BA8-E6E501420900}.Debug|Any CPU.ActiveCfg = Debug|Any CPU
		{9E8147F2-7DAB-4F04-9BA8-E6E501420900}.Debug|Any CPU.Build.0 = Debug|Any CPU
		{9E8147F2-7DAB-4F04-9BA8-E6E501420900}.Release|Any CPU.ActiveCfg = Release|Any CPU
		{9E8147F2-7DAB-4F04-9BA8-E6E501420900}.Release|Any CPU.Build.0 = Release|Any CPU
		{5BC37D96-9A8F-49B2-B155-39755C6089D7}.Debug|Any CPU.ActiveCfg = Debug|Any CPU
		{5BC37D96-9A8F-49B2-B155-39755C6089D7}.Debug|Any CPU.Build.0 = Debug|Any CPU
		{5BC37D96-9A8F-49B2-B155-39755C6089D7}.Release|Any CPU.ActiveCfg = Release|Any CPU
		{5BC37D96-9A8F-49B2-B155-39755C6089D7}.Release|Any CPU.Build.0 = Release|Any CPU
		{3E1CF1DE-5051-4A89-BC50-9060884A05A1}.Debug|Any CPU.ActiveCfg = Debug|Any CPU
		{3E1CF1DE-5051-4A89-BC50-9060884A05A1}.Debug|Any CPU.Build.0 = Debug|Any CPU
		{3E1CF1DE-5051-4A89-BC50-9060884A05A1}.Release|Any CPU.ActiveCfg = Release|Any CPU
		{3E1CF1DE-5051-4A89-BC50-9060884A05A1}.Release|Any CPU.Build.0 = Release|Any CPU
		{4A6F1430-6523-4617-BFA4-567DEA85A096}.Debug|Any CPU.ActiveCfg = Debug|Any CPU
		{4A6F1430-6523-4617-BFA4-567DEA85A096}.Debug|Any CPU.Build.0 = Debug|Any CPU
		{4A6F1430-6523-4617-BFA4-567DEA85A096}.Release|Any CPU.ActiveCfg = Release|Any CPU
		{4A6F1430-6523-4617-BFA4-567DEA85A096}.Release|Any CPU.Build.0 = Release|Any CPU
		{40CA84A8-5621-47DB-B890-4314B62F5C5D}.Debug|Any CPU.ActiveCfg = Debug|Any CPU
		{40CA84A8-5621-47DB-B890-4314B62F5C5D}.Debug|Any CPU.Build.0 = Debug|Any CPU
		{40CA84A8-5621-47DB-B890-4314B62F5C5D}.Release|Any CPU.ActiveCfg = Release|Any CPU
		{40CA84A8-5621-47DB-B890-4314B62F5C5D}.Release|Any CPU.Build.0 = Release|Any CPU
		{C512D1EA-3272-4248-8A29-5C4FF762D0B2}.Debug|Any CPU.ActiveCfg = Debug|Any CPU
		{C512D1EA-3272-4248-8A29-5C4FF762D0B2}.Debug|Any CPU.Build.0 = Debug|Any CPU
		{C512D1EA-3272-4248-8A29-5C4FF762D0B2}.Release|Any CPU.ActiveCfg = Release|Any CPU
		{C512D1EA-3272-4248-8A29-5C4FF762D0B2}.Release|Any CPU.Build.0 = Release|Any CPU
		{6E418C5F-405E-4F8C-9B7E-31E75BF3AD5A}.Debug|Any CPU.ActiveCfg = Debug|Any CPU
		{6E418C5F-405E-4F8C-9B7E-31E75BF3AD5A}.Debug|Any CPU.Build.0 = Debug|Any CPU
		{6E418C5F-405E-4F8C-9B7E-31E75BF3AD5A}.Release|Any CPU.ActiveCfg = Release|Any CPU
		{6E418C5F-405E-4F8C-9B7E-31E75BF3AD5A}.Release|Any CPU.Build.0 = Release|Any CPU
		{AF9C7A68-33E2-4DD9-83F6-EDFACDE05D24}.Debug|Any CPU.ActiveCfg = Debug|Any CPU
		{AF9C7A68-33E2-4DD9-83F6-EDFACDE05D24}.Debug|Any CPU.Build.0 = Debug|Any CPU
		{AF9C7A68-33E2-4DD9-83F6-EDFACDE05D24}.Release|Any CPU.ActiveCfg = Release|Any CPU
		{AF9C7A68-33E2-4DD9-83F6-EDFACDE05D24}.Release|Any CPU.Build.0 = Release|Any CPU
		{EA021B01-8DA6-4CDE-90F5-327581F149B2}.Debug|Any CPU.ActiveCfg = Debug|Any CPU
		{EA021B01-8DA6-4CDE-90F5-327581F149B2}.Debug|Any CPU.Build.0 = Debug|Any CPU
		{EA021B01-8DA6-4CDE-90F5-327581F149B2}.Release|Any CPU.ActiveCfg = Release|Any CPU
		{EA021B01-8DA6-4CDE-90F5-327581F149B2}.Release|Any CPU.Build.0 = Release|Any CPU
		{08377A99-20BB-447E-B43F-CF95969707B8}.Debug|Any CPU.ActiveCfg = Debug|Any CPU
		{08377A99-20BB-447E-B43F-CF95969707B8}.Debug|Any CPU.Build.0 = Debug|Any CPU
		{08377A99-20BB-447E-B43F-CF95969707B8}.Release|Any CPU.ActiveCfg = Release|Any CPU
		{08377A99-20BB-447E-B43F-CF95969707B8}.Release|Any CPU.Build.0 = Release|Any CPU
		{33296C82-7AE1-4F6D-A666-0EF561E39D1A}.Debug|Any CPU.ActiveCfg = Debug|Any CPU
		{33296C82-7AE1-4F6D-A666-0EF561E39D1A}.Debug|Any CPU.Build.0 = Debug|Any CPU
		{33296C82-7AE1-4F6D-A666-0EF561E39D1A}.Release|Any CPU.ActiveCfg = Release|Any CPU
		{33296C82-7AE1-4F6D-A666-0EF561E39D1A}.Release|Any CPU.Build.0 = Release|Any CPU
		{3ED44CBF-B9CC-4B02-A8A3-8AA436866ED7}.Debug|Any CPU.ActiveCfg = Debug|Any CPU
		{3ED44CBF-B9CC-4B02-A8A3-8AA436866ED7}.Debug|Any CPU.Build.0 = Debug|Any CPU
		{3ED44CBF-B9CC-4B02-A8A3-8AA436866ED7}.Release|Any CPU.ActiveCfg = Release|Any CPU
		{3ED44CBF-B9CC-4B02-A8A3-8AA436866ED7}.Release|Any CPU.Build.0 = Release|Any CPU
		{33750449-AC42-4C37-A282-2C65571F9EA7}.Debug|Any CPU.ActiveCfg = Debug|Any CPU
		{33750449-AC42-4C37-A282-2C65571F9EA7}.Debug|Any CPU.Build.0 = Debug|Any CPU
		{33750449-AC42-4C37-A282-2C65571F9EA7}.Release|Any CPU.ActiveCfg = Release|Any CPU
		{33750449-AC42-4C37-A282-2C65571F9EA7}.Release|Any CPU.Build.0 = Release|Any CPU
		{B0428971-BD59-476D-9DEF-8D0887EFD017}.Debug|Any CPU.ActiveCfg = Debug|Any CPU
		{B0428971-BD59-476D-9DEF-8D0887EFD017}.Debug|Any CPU.Build.0 = Debug|Any CPU
		{B0428971-BD59-476D-9DEF-8D0887EFD017}.Release|Any CPU.ActiveCfg = Release|Any CPU
		{B0428971-BD59-476D-9DEF-8D0887EFD017}.Release|Any CPU.Build.0 = Release|Any CPU
		{1F4417E2-8CCC-486C-86D8-D94A71D5A698}.Debug|Any CPU.ActiveCfg = Debug|Any CPU
		{1F4417E2-8CCC-486C-86D8-D94A71D5A698}.Debug|Any CPU.Build.0 = Debug|Any CPU
		{1F4417E2-8CCC-486C-86D8-D94A71D5A698}.Release|Any CPU.ActiveCfg = Release|Any CPU
		{1F4417E2-8CCC-486C-86D8-D94A71D5A698}.Release|Any CPU.Build.0 = Release|Any CPU
		{1CE422FB-7819-43C9-98FC-A8EBF8F3CF8B}.Debug|Any CPU.ActiveCfg = Debug|Any CPU
		{1CE422FB-7819-43C9-98FC-A8EBF8F3CF8B}.Debug|Any CPU.Build.0 = Debug|Any CPU
		{1CE422FB-7819-43C9-98FC-A8EBF8F3CF8B}.Release|Any CPU.ActiveCfg = Release|Any CPU
		{1CE422FB-7819-43C9-98FC-A8EBF8F3CF8B}.Release|Any CPU.Build.0 = Release|Any CPU
		{344E2BD4-7AF1-4ACB-9D11-5ED0E933249A}.Debug|Any CPU.ActiveCfg = Debug|Any CPU
		{344E2BD4-7AF1-4ACB-9D11-5ED0E933249A}.Debug|Any CPU.Build.0 = Debug|Any CPU
		{344E2BD4-7AF1-4ACB-9D11-5ED0E933249A}.Release|Any CPU.ActiveCfg = Release|Any CPU
		{344E2BD4-7AF1-4ACB-9D11-5ED0E933249A}.Release|Any CPU.Build.0 = Release|Any CPU
	EndGlobalSection
	GlobalSection(SolutionProperties) = preSolution
		HideSolutionNode = FALSE
	EndGlobalSection
	GlobalSection(NestedProjects) = preSolution
		{9E8147F2-7DAB-4F04-9BA8-E6E501420900} = {B19F3090-D6AC-484B-9CD7-F97B8BBF310E}
		{5BC37D96-9A8F-49B2-B155-39755C6089D7} = {C0400562-EB07-4DDA-994F-E3BAF8BA9D67}
		{3E1CF1DE-5051-4A89-BC50-9060884A05A1} = {C0400562-EB07-4DDA-994F-E3BAF8BA9D67}
		{4A6F1430-6523-4617-BFA4-567DEA85A096} = {C0400562-EB07-4DDA-994F-E3BAF8BA9D67}
		{40CA84A8-5621-47DB-B890-4314B62F5C5D} = {B19F3090-D6AC-484B-9CD7-F97B8BBF310E}
		{C512D1EA-3272-4248-8A29-5C4FF762D0B2} = {B19F3090-D6AC-484B-9CD7-F97B8BBF310E}
		{6E418C5F-405E-4F8C-9B7E-31E75BF3AD5A} = {C0400562-EB07-4DDA-994F-E3BAF8BA9D67}
		{AF9C7A68-33E2-4DD9-83F6-EDFACDE05D24} = {C0400562-EB07-4DDA-994F-E3BAF8BA9D67}
		{EA021B01-8DA6-4CDE-90F5-327581F149B2} = {C0400562-EB07-4DDA-994F-E3BAF8BA9D67}
		{08377A99-20BB-447E-B43F-CF95969707B8} = {C0400562-EB07-4DDA-994F-E3BAF8BA9D67}
		{33296C82-7AE1-4F6D-A666-0EF561E39D1A} = {8DA9C526-ACD2-4A2C-9CE7-E0A21CD2352A}
		{3ED44CBF-B9CC-4B02-A8A3-8AA436866ED7} = {8DA9C526-ACD2-4A2C-9CE7-E0A21CD2352A}
		{33750449-AC42-4C37-A282-2C65571F9EA7} = {8DA9C526-ACD2-4A2C-9CE7-E0A21CD2352A}
		{B0428971-BD59-476D-9DEF-8D0887EFD017} = {DBF427F7-FCFD-46B7-8F1D-8D05AD51F6D7}
		{1F4417E2-8CCC-486C-86D8-D94A71D5A698} = {DBF427F7-FCFD-46B7-8F1D-8D05AD51F6D7}
		{1CE422FB-7819-43C9-98FC-A8EBF8F3CF8B} = {DBF427F7-FCFD-46B7-8F1D-8D05AD51F6D7}
		{344E2BD4-7AF1-4ACB-9D11-5ED0E933249A} = {C0400562-EB07-4DDA-994F-E3BAF8BA9D67}
	EndGlobalSection
	GlobalSection(ExtensibilityGlobals) = postSolution
		SolutionGuid = {B3E95441-400B-4DC3-95FC-51B201A85E65}
	EndGlobalSection
EndGlobal
