
Microsoft Visual Studio Solution File, Format Version 12.00
# Visual Studio Version 17
VisualStudioVersion = 17.1.32407.343
MinimumVisualStudioVersion = 10.0.40219.1
Project("{9A19103F-16F7-4668-BE54-9A1E7A4F7556}") = "ArticleService.WebAPI", "BlogWebAPI\ArticleService.WebAPI.csproj", "{9E8147F2-7DAB-4F04-9BA8-E6E501420900}"
EndProject
Project("{9A19103F-16F7-4668-BE54-9A1E7A4F7556}") = "DomainCommon", "BlogCommon\DomainCommon.csproj", "{5BC37D96-9A8F-49B2-B155-39755C6089D7}"
EndProject
Project("{2150E333-8FDC-42A3-9474-1A3956D46DE8}") = "Common", "Common", "{C0400562-EB07-4DDA-994F-E3BAF8BA9D67}"
EndProject
Project("{9A19103F-16F7-4668-BE54-9A1E7A4F7556}") = "CommonInfrastructure", "CommonInfrastructure\CommonInfrastructure.csproj", "{3E1CF1DE-5051-4A89-BC50-9060884A05A1}"
EndProject
Project("{9A19103F-16F7-4668-BE54-9A1E7A4F7556}") = "CommonInitializer", "CommonInitializer\CommonInitializer.csproj", "{4A6F1430-6523-4617-BFA4-567DEA85A096}"
EndProject
Project("{2150E333-8FDC-42A3-9474-1A3956D46DE8}") = "ArticleService", "ArticleService", "{B19F3090-D6AC-484B-9CD7-F97B8BBF310E}"
EndProject
Project("{9A19103F-16F7-4668-BE54-9A1E7A4F7556}") = "ArticleService.Domain", "Aritcle.Domian\ArticleService.Domain.csproj", "{40CA84A8-5621-47DB-B890-4314B62F5C5D}"
EndProject
Project("{9A19103F-16F7-4668-BE54-9A1E7A4F7556}") = "ArticleService.Infrastructure", "Article.Infrastructure\ArticleService.Infrastructure.csproj", "{C512D1EA-3272-4248-8A29-5C4FF762D0B2}"
EndProject
Project("{9A19103F-16F7-4668-BE54-9A1E7A4F7556}") = "Commons", "Commons\Commons.csproj", "{6E418C5F-405E-4F8C-9B7E-31E75BF3AD5A}"
EndProject
Project("{2150E333-8FDC-42A3-9474-1A3956D46DE8}") = "ImageService", "ImageService", "{81541347-2862-400F-B09F-C2D5D6415841}"
EndProject
Project("{FAE04EC0-301F-11D3-BF4B-00C04F79EFBC}") = "ImageService.Domain", "ImageService.Domain\ImageService.Domain.csproj", "{CA29C2C2-3FEC-4E05-8AB2-810FF6CD2EBB}"
EndProject
Project("{FAE04EC0-301F-11D3-BF4B-00C04F79EFBC}") = "ImageService.Infrastructure", "ImageService.Infrastructure\ImageService.Infrastructure.csproj", "{E2A0A0BB-096B-48CE-9EDD-8F1CE5029AC1}"
EndProject
Project("{FAE04EC0-301F-11D3-BF4B-00C04F79EFBC}") = "ImageService.WebAPI", "ImageService.WebAPI\ImageService.WebAPI.csproj", "{EEEDA83D-739E-4F45-A0B2-0ACBEDF0B646}"
EndProject
Global
	GlobalSection(SolutionConfigurationPlatforms) = preSolution
		Debug|Any CPU = Debug|Any CPU
		Release|Any CPU = Release|Any CPU
	EndGlobalSection
	GlobalSection(ProjectConfigurationPlatforms) = postSolution
		{9E8147F2-7DAB-4F04-9BA8-E6E501420900}.Debug|Any CPU.ActiveCfg = Debug|Any CPU
		{9E8147F2-7DAB-4F04-9BA8-E6E501420900}.Debug|Any CPU.Build.0 = Debug|Any CPU
		{9E8147F2-7DAB-4F04-9BA8-E6E501420900}.Release|Any CPU.ActiveCfg = Release|Any CPU
		{9E8147F2-7DAB-4F04-9BA8-E6E501420900}.Release|Any CPU.Build.0 = Release|Any CPU
		{5BC37D96-9A8F-49B2-B155-39755C6089D7}.Debug|Any CPU.ActiveCfg = Debug|Any CPU
		{5BC37D96-9A8F-49B2-B155-39755C6089D7}.Debug|Any CPU.Build.0 = Debug|Any CPU
		{5BC37D96-9A8F-49B2-B155-39755C6089D7}.Release|Any CPU.ActiveCfg = Release|Any CPU
		{5BC37D96-9A8F-49B2-B155-39755C6089D7}.Release|Any CPU.Build.0 = Release|Any CPU
		{3E1CF1DE-5051-4A89-BC50-9060884A05A1}.Debug|Any CPU.ActiveCfg = Debug|Any CPU
		{3E1CF1DE-5051-4A89-BC50-9060884A05A1}.Debug|Any CPU.Build.0 = Debug|Any CPU
		{3E1CF1DE-5051-4A89-BC50-9060884A05A1}.Release|Any CPU.ActiveCfg = Release|Any CPU
		{3E1CF1DE-5051-4A89-BC50-9060884A05A1}.Release|Any CPU.Build.0 = Release|Any CPU
		{4A6F1430-6523-4617-BFA4-567DEA85A096}.Debug|Any CPU.ActiveCfg = Debug|Any CPU
		{4A6F1430-6523-4617-BFA4-567DEA85A096}.Debug|Any CPU.Build.0 = Debug|Any CPU
		{4A6F1430-6523-4617-BFA4-567DEA85A096}.Release|Any CPU.ActiveCfg = Release|Any CPU
		{4A6F1430-6523-4617-BFA4-567DEA85A096}.Release|Any CPU.Build.0 = Release|Any CPU
		{40CA84A8-5621-47DB-B890-4314B62F5C5D}.Debug|Any CPU.ActiveCfg = Debug|Any CPU
		{40CA84A8-5621-47DB-B890-4314B62F5C5D}.Debug|Any CPU.Build.0 = Debug|Any CPU
		{40CA84A8-5621-47DB-B890-4314B62F5C5D}.Release|Any CPU.ActiveCfg = Release|Any CPU
		{40CA84A8-5621-47DB-B890-4314B62F5C5D}.Release|Any CPU.Build.0 = Release|Any CPU
		{C512D1EA-3272-4248-8A29-5C4FF762D0B2}.Debug|Any CPU.ActiveCfg = Debug|Any CPU
		{C512D1EA-3272-4248-8A29-5C4FF762D0B2}.Debug|Any CPU.Build.0 = Debug|Any CPU
		{C512D1EA-3272-4248-8A29-5C4FF762D0B2}.Release|Any CPU.ActiveCfg = Release|Any CPU
		{C512D1EA-3272-4248-8A29-5C4FF762D0B2}.Release|Any CPU.Build.0 = Release|Any CPU
		{6E418C5F-405E-4F8C-9B7E-31E75BF3AD5A}.Debug|Any CPU.ActiveCfg = Debug|Any CPU
		{6E418C5F-405E-4F8C-9B7E-31E75BF3AD5A}.Debug|Any CPU.Build.0 = Debug|Any CPU
		{6E418C5F-405E-4F8C-9B7E-31E75BF3AD5A}.Release|Any CPU.ActiveCfg = Release|Any CPU
		{6E418C5F-405E-4F8C-9B7E-31E75BF3AD5A}.Release|Any CPU.Build.0 = Release|Any CPU
		{CA29C2C2-3FEC-4E05-8AB2-810FF6CD2EBB}.Debug|Any CPU.ActiveCfg = Debug|Any CPU
		{CA29C2C2-3FEC-4E05-8AB2-810FF6CD2EBB}.Debug|Any CPU.Build.0 = Debug|Any CPU
		{CA29C2C2-3FEC-4E05-8AB2-810FF6CD2EBB}.Release|Any CPU.ActiveCfg = Release|Any CPU
		{CA29C2C2-3FEC-4E05-8AB2-810FF6CD2EBB}.Release|Any CPU.Build.0 = Release|Any CPU
		{E2A0A0BB-096B-48CE-9EDD-8F1CE5029AC1}.Debug|Any CPU.ActiveCfg = Debug|Any CPU
		{E2A0A0BB-096B-48CE-9EDD-8F1CE5029AC1}.Debug|Any CPU.Build.0 = Debug|Any CPU
		{E2A0A0BB-096B-48CE-9EDD-8F1CE5029AC1}.Release|Any CPU.ActiveCfg = Release|Any CPU
		{E2A0A0BB-096B-48CE-9EDD-8F1CE5029AC1}.Release|Any CPU.Build.0 = Release|Any CPU
		{EEEDA83D-739E-4F45-A0B2-0ACBEDF0B646}.Debug|Any CPU.ActiveCfg = Debug|Any CPU
		{EEEDA83D-739E-4F45-A0B2-0ACBEDF0B646}.Debug|Any CPU.Build.0 = Debug|Any CPU
		{EEEDA83D-739E-4F45-A0B2-0ACBEDF0B646}.Release|Any CPU.ActiveCfg = Release|Any CPU
		{EEEDA83D-739E-4F45-A0B2-0ACBEDF0B646}.Release|Any CPU.Build.0 = Release|Any CPU
	EndGlobalSection
	GlobalSection(SolutionProperties) = preSolution
		HideSolutionNode = FALSE
	EndGlobalSection
	GlobalSection(NestedProjects) = preSolution
		{9E8147F2-7DAB-4F04-9BA8-E6E501420900} = {B19F3090-D6AC-484B-9CD7-F97B8BBF310E}
		{5BC37D96-9A8F-49B2-B155-39755C6089D7} = {C0400562-EB07-4DDA-994F-E3BAF8BA9D67}
		{3E1CF1DE-5051-4A89-BC50-9060884A05A1} = {C0400562-EB07-4DDA-994F-E3BAF8BA9D67}
		{4A6F1430-6523-4617-BFA4-567DEA85A096} = {C0400562-EB07-4DDA-994F-E3BAF8BA9D67}
		{40CA84A8-5621-47DB-B890-4314B62F5C5D} = {B19F3090-D6AC-484B-9CD7-F97B8BBF310E}
		{C512D1EA-3272-4248-8A29-5C4FF762D0B2} = {B19F3090-D6AC-484B-9CD7-F97B8BBF310E}
		{6E418C5F-405E-4F8C-9B7E-31E75BF3AD5A} = {C0400562-EB07-4DDA-994F-E3BAF8BA9D67}
		{CA29C2C2-3FEC-4E05-8AB2-810FF6CD2EBB} = {81541347-2862-400F-B09F-C2D5D6415841}
		{E2A0A0BB-096B-48CE-9EDD-8F1CE5029AC1} = {81541347-2862-400F-B09F-C2D5D6415841}
		{EEEDA83D-739E-4F45-A0B2-0ACBEDF0B646} = {81541347-2862-400F-B09F-C2D5D6415841}
	EndGlobalSection
	GlobalSection(ExtensibilityGlobals) = postSolution
		SolutionGuid = {B3E95441-400B-4DC3-95FC-51B201A85E65}
	EndGlobalSection
EndGlobal
